// !$*UTF8*$!
{
	archiveVersion = 1;
	classes = {
	};
	objectVersion = 55;
	objects = {

/* Begin PBXBuildFile section */
		99173E792813112A003B5C35 /* HexToColor.swift in Sources */ = {isa = PBXBuildFile; fileRef = 99173E782813112A003B5C35 /* HexToColor.swift */; };
		99831DBA280CECBA00EE6559 /* AppDelegate.swift in Sources */ = {isa = PBXBuildFile; fileRef = 99831DB9280CECBA00EE6559 /* AppDelegate.swift */; };
		99831DBC280CECBA00EE6559 /* SceneDelegate.swift in Sources */ = {isa = PBXBuildFile; fileRef = 99831DBB280CECBA00EE6559 /* SceneDelegate.swift */; };
		99831DBE280CECBA00EE6559 /* ViewController.swift in Sources */ = {isa = PBXBuildFile; fileRef = 99831DBD280CECBA00EE6559 /* ViewController.swift */; };
		99831DC1280CECBA00EE6559 /* Main.storyboard in Resources */ = {isa = PBXBuildFile; fileRef = 99831DBF280CECBA00EE6559 /* Main.storyboard */; };
		99831DC3280CECBD00EE6559 /* Assets.xcassets in Resources */ = {isa = PBXBuildFile; fileRef = 99831DC2280CECBD00EE6559 /* Assets.xcassets */; };
		99831DC6280CECBD00EE6559 /* LaunchScreen.storyboard in Resources */ = {isa = PBXBuildFile; fileRef = 99831DC4280CECBD00EE6559 /* LaunchScreen.storyboard */; };
		99831DCF280CEF0100EE6559 /* HomeViewController.swift in Sources */ = {isa = PBXBuildFile; fileRef = 99831DCE280CEF0100EE6559 /* HomeViewController.swift */; };
		99831DD1280CF5B000EE6559 /* CalendarViewController.swift in Sources */ = {isa = PBXBuildFile; fileRef = 99831DD0280CF5B000EE6559 /* CalendarViewController.swift */; };
		99831DD3280CF65E00EE6559 /* ProfileViewController.swift in Sources */ = {isa = PBXBuildFile; fileRef = 99831DD2280CF65E00EE6559 /* ProfileViewController.swift */; };
		99831DD6280D11D000EE6559 /* DailyGoalCell.swift in Sources */ = {isa = PBXBuildFile; fileRef = 99831DD5280D11D000EE6559 /* DailyGoalCell.swift */; };
		99D0155D280D2419008B5366 /* HeadingCell.swift in Sources */ = {isa = PBXBuildFile; fileRef = 99D0155C280D2419008B5366 /* HeadingCell.swift */; };
		99D01560280D2BB5008B5366 /* Inject in Frameworks */ = {isa = PBXBuildFile; productRef = 99D0155F280D2BB5008B5366 /* Inject */; };
/* End PBXBuildFile section */

/* Begin PBXFileReference section */
		99173E782813112A003B5C35 /* HexToColor.swift */ = {isa = PBXFileReference; lastKnownFileType = sourcecode.swift; name = HexToColor.swift; path = HealthApp_HCI/Assets/HexToColor.swift; sourceTree = "<group>"; };
		99831DB6280CECBA00EE6559 /* HealthApp_HCI.app */ = {isa = PBXFileReference; explicitFileType = wrapper.application; includeInIndex = 0; path = HealthApp_HCI.app; sourceTree = BUILT_PRODUCTS_DIR; };
		99831DB9280CECBA00EE6559 /* AppDelegate.swift */ = {isa = PBXFileReference; lastKnownFileType = sourcecode.swift; path = AppDelegate.swift; sourceTree = "<group>"; };
		99831DBB280CECBA00EE6559 /* SceneDelegate.swift */ = {isa = PBXFileReference; lastKnownFileType = sourcecode.swift; path = SceneDelegate.swift; sourceTree = "<group>"; };
		99831DBD280CECBA00EE6559 /* ViewController.swift */ = {isa = PBXFileReference; lastKnownFileType = sourcecode.swift; path = ViewController.swift; sourceTree = "<group>"; };
		99831DC0280CECBA00EE6559 /* Base */ = {isa = PBXFileReference; lastKnownFileType = file.storyboard; name = Base; path = Base.lproj/Main.storyboard; sourceTree = "<group>"; };
		99831DC2280CECBD00EE6559 /* Assets.xcassets */ = {isa = PBXFileReference; lastKnownFileType = folder.assetcatalog; path = Assets.xcassets; sourceTree = "<group>"; };
		99831DC5280CECBD00EE6559 /* Base */ = {isa = PBXFileReference; lastKnownFileType = file.storyboard; name = Base; path = Base.lproj/LaunchScreen.storyboard; sourceTree = "<group>"; };
		99831DC7280CECBD00EE6559 /* Info.plist */ = {isa = PBXFileReference; lastKnownFileType = text.plist.xml; path = Info.plist; sourceTree = "<group>"; };
		99831DCE280CEF0100EE6559 /* HomeViewController.swift */ = {isa = PBXFileReference; lastKnownFileType = sourcecode.swift; path = HomeViewController.swift; sourceTree = "<group>"; };
		99831DD0280CF5B000EE6559 /* CalendarViewController.swift */ = {isa = PBXFileReference; lastKnownFileType = sourcecode.swift; path = CalendarViewController.swift; sourceTree = "<group>"; };
		99831DD2280CF65E00EE6559 /* ProfileViewController.swift */ = {isa = PBXFileReference; lastKnownFileType = sourcecode.swift; path = ProfileViewController.swift; sourceTree = "<group>"; };
		99831DD5280D11D000EE6559 /* DailyGoalCell.swift */ = {isa = PBXFileReference; lastKnownFileType = sourcecode.swift; path = DailyGoalCell.swift; sourceTree = "<group>"; };
		99D0155C280D2419008B5366 /* HeadingCell.swift */ = {isa = PBXFileReference; lastKnownFileType = sourcecode.swift; path = HeadingCell.swift; sourceTree = "<group>"; };
/* End PBXFileReference section */

/* Begin PBXFrameworksBuildPhase section */
		99831DB3280CECBA00EE6559 /* Frameworks */ = {
			isa = PBXFrameworksBuildPhase;
			buildActionMask = 2147483647;
			files = (
				99D01560280D2BB5008B5366 /* Inject in Frameworks */,
			);
			runOnlyForDeploymentPostprocessing = 0;
		};
/* End PBXFrameworksBuildPhase section */

/* Begin PBXGroup section */
		99831DAD280CECBA00EE6559 = {
			isa = PBXGroup;
			children = (
				99173E782813112A003B5C35 /* HexToColor.swift */,
				99831DB8280CECBA00EE6559 /* HealthApp_HCI */,
				99831DB7280CECBA00EE6559 /* Products */,
			);
			sourceTree = "<group>";
		};
		99831DB7280CECBA00EE6559 /* Products */ = {
			isa = PBXGroup;
			children = (
				99831DB6280CECBA00EE6559 /* HealthApp_HCI.app */,
			);
			name = Products;
			sourceTree = "<group>";
		};
		99831DB8280CECBA00EE6559 /* HealthApp_HCI */ = {
			isa = PBXGroup;
			children = (
				99831DD4280D11B400EE6559 /* Cells */,
				99831DCD280CEE5C00EE6559 /* Views */,
				99831DB9280CECBA00EE6559 /* AppDelegate.swift */,
				99831DBB280CECBA00EE6559 /* SceneDelegate.swift */,
				99831DBF280CECBA00EE6559 /* Main.storyboard */,
				99831DC2280CECBD00EE6559 /* Assets.xcassets */,
				99831DC4280CECBD00EE6559 /* LaunchScreen.storyboard */,
				99831DC7280CECBD00EE6559 /* Info.plist */,
			);
			path = HealthApp_HCI;
			sourceTree = "<group>";
		};
		99831DCD280CEE5C00EE6559 /* Views */ = {
			isa = PBXGroup;
			children = (
				99831DBD280CECBA00EE6559 /* ViewController.swift */,
				99831DCE280CEF0100EE6559 /* HomeViewController.swift */,
				99831DD0280CF5B000EE6559 /* CalendarViewController.swift */,
				99831DD2280CF65E00EE6559 /* ProfileViewController.swift */,
			);
			path = Views;
			sourceTree = "<group>";
		};
		99831DD4280D11B400EE6559 /* Cells */ = {
			isa = PBXGroup;
			children = (
				99831DD5280D11D000EE6559 /* DailyGoalCell.swift */,
				99D0155C280D2419008B5366 /* HeadingCell.swift */,
			);
			path = Cells;
			sourceTree = "<group>";
		};
/* End PBXGroup section */

/* Begin PBXNativeTarget section */
		99831DB5280CECBA00EE6559 /* HealthApp_HCI */ = {
			isa = PBXNativeTarget;
			buildConfigurationList = 99831DCA280CECBD00EE6559 /* Build configuration list for PBXNativeTarget "HealthApp_HCI" */;
			buildPhases = (
				99831DB2280CECBA00EE6559 /* Sources */,
				99831DB3280CECBA00EE6559 /* Frameworks */,
				99831DB4280CECBA00EE6559 /* Resources */,
			);
			buildRules = (
			);
			dependencies = (
			);
			name = HealthApp_HCI;
			packageProductDependencies = (
				99D0155F280D2BB5008B5366 /* Inject */,
			);
			productName = HealthApp_HCI;
			productReference = 99831DB6280CECBA00EE6559 /* HealthApp_HCI.app */;
			productType = "com.apple.product-type.application";
		};
/* End PBXNativeTarget section */

/* Begin PBXProject section */
		99831DAE280CECBA00EE6559 /* Project object */ = {
			isa = PBXProject;
			attributes = {
				BuildIndependentTargetsInParallel = 1;
				LastSwiftUpdateCheck = 1320;
				LastUpgradeCheck = 1320;
				TargetAttributes = {
					99831DB5280CECBA00EE6559 = {
						CreatedOnToolsVersion = 13.2.1;
					};
				};
			};
			buildConfigurationList = 99831DB1280CECBA00EE6559 /* Build configuration list for PBXProject "HealthApp_HCI" */;
			compatibilityVersion = "Xcode 13.0";
			developmentRegion = en;
			hasScannedForEncodings = 0;
			knownRegions = (
				en,
				Base,
			);
			mainGroup = 99831DAD280CECBA00EE6559;
			packageReferences = (
				99D0155E280D2BB5008B5366 /* XCRemoteSwiftPackageReference "Inject" */,
			);
			productRefGroup = 99831DB7280CECBA00EE6559 /* Products */;
			projectDirPath = "";
			projectRoot = "";
			targets = (
				99831DB5280CECBA00EE6559 /* HealthApp_HCI */,
			);
		};
/* End PBXProject section */

/* Begin PBXResourcesBuildPhase section */
		99831DB4280CECBA00EE6559 /* Resources */ = {
			isa = PBXResourcesBuildPhase;
			buildActionMask = 2147483647;
			files = (
				99831DC6280CECBD00EE6559 /* LaunchScreen.storyboard in Resources */,
				99831DC3280CECBD00EE6559 /* Assets.xcassets in Resources */,
				99831DC1280CECBA00EE6559 /* Main.storyboard in Resources */,
			);
			runOnlyForDeploymentPostprocessing = 0;
		};
/* End PBXResourcesBuildPhase section */

/* Begin PBXSourcesBuildPhase section */
		99831DB2280CECBA00EE6559 /* Sources */ = {
			isa = PBXSourcesBuildPhase;
			buildActionMask = 2147483647;
			files = (
				99831DD3280CF65E00EE6559 /* ProfileViewController.swift in Sources */,
				99831DD1280CF5B000EE6559 /* CalendarViewController.swift in Sources */,
				99831DBE280CECBA00EE6559 /* ViewController.swift in Sources */,
				99831DBA280CECBA00EE6559 /* AppDelegate.swift in Sources */,
				99D0155D280D2419008B5366 /* HeadingCell.swift in Sources */,
				99173E792813112A003B5C35 /* HexToColor.swift in Sources */,
				99831DBC280CECBA00EE6559 /* SceneDelegate.swift in Sources */,
				99831DD6280D11D000EE6559 /* DailyGoalCell.swift in Sources */,
				99831DCF280CEF0100EE6559 /* HomeViewController.swift in Sources */,
			);
			runOnlyForDeploymentPostprocessing = 0;
		};
/* End PBXSourcesBuildPhase section */

/* Begin PBXVariantGroup section */
		99831DBF280CECBA00EE6559 /* Main.storyboard */ = {
			isa = PBXVariantGroup;
			children = (
				99831DC0280CECBA00EE6559 /* Base */,
			);
			name = Main.storyboard;
			sourceTree = "<group>";
		};
		99831DC4280CECBD00EE6559 /* LaunchScreen.storyboard */ = {
			isa = PBXVariantGroup;
			children = (
				99831DC5280CECBD00EE6559 /* Base */,
			);
			name = LaunchScreen.storyboard;
			sourceTree = "<group>";
		};
/* End PBXVariantGroup section */

/* Begin XCBuildConfiguration section */
		99831DC8280CECBD00EE6559 /* Debug */ = {
			isa = XCBuildConfiguration;
			buildSettings = {
				ALWAYS_SEARCH_USER_PATHS = NO;
				CLANG_ANALYZER_NONNULL = YES;
				CLANG_ANALYZER_NUMBER_OBJECT_CONVERSION = YES_AGGRESSIVE;
				CLANG_CXX_LANGUAGE_STANDARD = "gnu++17";
				CLANG_CXX_LIBRARY = "libc++";
				CLANG_ENABLE_MODULES = YES;
				CLANG_ENABLE_OBJC_ARC = YES;
				CLANG_ENABLE_OBJC_WEAK = YES;
				CLANG_WARN_BLOCK_CAPTURE_AUTORELEASING = YES;
				CLANG_WARN_BOOL_CONVERSION = YES;
				CLANG_WARN_COMMA = YES;
				CLANG_WARN_CONSTANT_CONVERSION = YES;
				CLANG_WARN_DEPRECATED_OBJC_IMPLEMENTATIONS = YES;
				CLANG_WARN_DIRECT_OBJC_ISA_USAGE = YES_ERROR;
				CLANG_WARN_DOCUMENTATION_COMMENTS = YES;
				CLANG_WARN_EMPTY_BODY = YES;
				CLANG_WARN_ENUM_CONVERSION = YES;
				CLANG_WARN_INFINITE_RECURSION = YES;
				CLANG_WARN_INT_CONVERSION = YES;
				CLANG_WARN_NON_LITERAL_NULL_CONVERSION = YES;
				CLANG_WARN_OBJC_IMPLICIT_RETAIN_SELF = YES;
				CLANG_WARN_OBJC_LITERAL_CONVERSION = YES;
				CLANG_WARN_OBJC_ROOT_CLASS = YES_ERROR;
				CLANG_WARN_QUOTED_INCLUDE_IN_FRAMEWORK_HEADER = YES;
				CLANG_WARN_RANGE_LOOP_ANALYSIS = YES;
				CLANG_WARN_STRICT_PROTOTYPES = YES;
				CLANG_WARN_SUSPICIOUS_MOVE = YES;
				CLANG_WARN_UNGUARDED_AVAILABILITY = YES_AGGRESSIVE;
				CLANG_WARN_UNREACHABLE_CODE = YES;
				CLANG_WARN__DUPLICATE_METHOD_MATCH = YES;
				COPY_PHASE_STRIP = NO;
				DEBUG_INFORMATION_FORMAT = dwarf;
				ENABLE_STRICT_OBJC_MSGSEND = YES;
				ENABLE_TESTABILITY = YES;
				GCC_C_LANGUAGE_STANDARD = gnu11;
				GCC_DYNAMIC_NO_PIC = NO;
				GCC_NO_COMMON_BLOCKS = YES;
				GCC_OPTIMIZATION_LEVEL = 0;
				GCC_PREPROCESSOR_DEFINITIONS = (
					"DEBUG=1",
					"$(inherited)",
				);
				GCC_WARN_64_TO_32_BIT_CONVERSION = YES;
				GCC_WARN_ABOUT_RETURN_TYPE = YES_ERROR;
				GCC_WARN_UNDECLARED_SELECTOR = YES;
				GCC_WARN_UNINITIALIZED_AUTOS = YES_AGGRESSIVE;
				GCC_WARN_UNUSED_FUNCTION = YES;
				GCC_WARN_UNUSED_VARIABLE = YES;
				IPHONEOS_DEPLOYMENT_TARGET = 15.2;
				MTL_ENABLE_DEBUG_INFO = INCLUDE_SOURCE;
				MTL_FAST_MATH = YES;
				ONLY_ACTIVE_ARCH = YES;
				SDKROOT = iphoneos;
				SWIFT_ACTIVE_COMPILATION_CONDITIONS = DEBUG;
				SWIFT_OPTIMIZATION_LEVEL = "-Onone";
			};
			name = Debug;
		};
		99831DC9280CECBD00EE6559 /* Release */ = {
			isa = XCBuildConfiguration;
			buildSettings = {
				ALWAYS_SEARCH_USER_PATHS = NO;
				CLANG_ANALYZER_NONNULL = YES;
				CLANG_ANALYZER_NUMBER_OBJECT_CONVERSION = YES_AGGRESSIVE;
				CLANG_CXX_LANGUAGE_STANDARD = "gnu++17";
				CLANG_CXX_LIBRARY = "libc++";
				CLANG_ENABLE_MODULES = YES;
				CLANG_ENABLE_OBJC_ARC = YES;
				CLANG_ENABLE_OBJC_WEAK = YES;
				CLANG_WARN_BLOCK_CAPTURE_AUTORELEASING = YES;
				CLANG_WARN_BOOL_CONVERSION = YES;
				CLANG_WARN_COMMA = YES;
				CLANG_WARN_CONSTANT_CONVERSION = YES;
				CLANG_WARN_DEPRECATED_OBJC_IMPLEMENTATIONS = YES;
				CLANG_WARN_DIRECT_OBJC_ISA_USAGE = YES_ERROR;
				CLANG_WARN_DOCUMENTATION_COMMENTS = YES;
				CLANG_WARN_EMPTY_BODY = YES;
				CLANG_WARN_ENUM_CONVERSION = YES;
				CLANG_WARN_INFINITE_RECURSION = YES;
				CLANG_WARN_INT_CONVERSION = YES;
				CLANG_WARN_NON_LITERAL_NULL_CONVERSION = YES;
				CLANG_WARN_OBJC_IMPLICIT_RETAIN_SELF = YES;
				CLANG_WARN_OBJC_LITERAL_CONVERSION = YES;
				CLANG_WARN_OBJC_ROOT_CLASS = YES_ERROR;
				CLANG_WARN_QUOTED_INCLUDE_IN_FRAMEWORK_HEADER = YES;
				CLANG_WARN_RANGE_LOOP_ANALYSIS = YES;
				CLANG_WARN_STRICT_PROTOTYPES = YES;
				CLANG_WARN_SUSPICIOUS_MOVE = YES;
				CLANG_WARN_UNGUARDED_AVAILABILITY = YES_AGGRESSIVE;
				CLANG_WARN_UNREACHABLE_CODE = YES;
				CLANG_WARN__DUPLICATE_METHOD_MATCH = YES;
				COPY_PHASE_STRIP = NO;
				DEBUG_INFORMATION_FORMAT = "dwarf-with-dsym";
				ENABLE_NS_ASSERTIONS = NO;
				ENABLE_STRICT_OBJC_MSGSEND = YES;
				GCC_C_LANGUAGE_STANDARD = gnu11;
				GCC_NO_COMMON_BLOCKS = YES;
				GCC_WARN_64_TO_32_BIT_CONVERSION = YES;
				GCC_WARN_ABOUT_RETURN_TYPE = YES_ERROR;
				GCC_WARN_UNDECLARED_SELECTOR = YES;
				GCC_WARN_UNINITIALIZED_AUTOS = YES_AGGRESSIVE;
				GCC_WARN_UNUSED_FUNCTION = YES;
				GCC_WARN_UNUSED_VARIABLE = YES;
				IPHONEOS_DEPLOYMENT_TARGET = 15.2;
				MTL_ENABLE_DEBUG_INFO = NO;
				MTL_FAST_MATH = YES;
				SDKROOT = iphoneos;
				SWIFT_COMPILATION_MODE = wholemodule;
				SWIFT_OPTIMIZATION_LEVEL = "-O";
				VALIDATE_PRODUCT = YES;
			};
			name = Release;
		};
		99831DCB280CECBD00EE6559 /* Debug */ = {
			isa = XCBuildConfiguration;
			buildSettings = {
				ASSETCATALOG_COMPILER_APPICON_NAME = AppIcon;
				ASSETCATALOG_COMPILER_GLOBAL_ACCENT_COLOR_NAME = AccentColor;
				CODE_SIGN_STYLE = Automatic;
				CURRENT_PROJECT_VERSION = 1;
				DEVELOPMENT_TEAM = XHF28X4N49;
				GENERATE_INFOPLIST_FILE = YES;
				INFOPLIST_FILE = HealthApp_HCI/Info.plist;
				INFOPLIST_KEY_UIApplicationSupportsIndirectInputEvents = YES;
				INFOPLIST_KEY_UILaunchStoryboardName = LaunchScreen;
				INFOPLIST_KEY_UIMainStoryboardFile = Main;
				INFOPLIST_KEY_UISupportedInterfaceOrientations_iPad = "UIInterfaceOrientationPortrait UIInterfaceOrientationPortraitUpsideDown UIInterfaceOrientationLandscapeLeft UIInterfaceOrientationLandscapeRight";
				INFOPLIST_KEY_UISupportedInterfaceOrientations_iPhone = "UIInterfaceOrientationPortrait UIInterfaceOrientationLandscapeLeft UIInterfaceOrientationLandscapeRight";
				LD_RUNPATH_SEARCH_PATHS = (
					"$(inherited)",
					"@executable_path/Frameworks",
				);
				MARKETING_VERSION = 1.0;
				OTHER_LDFLAGS = (
					"-Xlinker",
					"-interposable",
				);
				PRODUCT_BUNDLE_IDENTIFIER = "healthapp-hci.HealthApp-HCI";
				PRODUCT_NAME = "$(TARGET_NAME)";
				SWIFT_EMIT_LOC_STRINGS = YES;
				SWIFT_VERSION = 5.0;
				TARGETED_DEVICE_FAMILY = "1,2";
			};
			name = Debug;
		};
		99831DCC280CECBD00EE6559 /* Release */ = {
			isa = XCBuildConfiguration;
			buildSettings = {
				ASSETCATALOG_COMPILER_APPICON_NAME = AppIcon;
				ASSETCATALOG_COMPILER_GLOBAL_ACCENT_COLOR_NAME = AccentColor;
				CODE_SIGN_STYLE = Automatic;
				CURRENT_PROJECT_VERSION = 1;
				DEVELOPMENT_TEAM = XHF28X4N49;
				GENERATE_INFOPLIST_FILE = YES;
				INFOPLIST_FILE = HealthApp_HCI/Info.plist;
				INFOPLIST_KEY_UIApplicationSupportsIndirectInputEvents = YES;
				INFOPLIST_KEY_UILaunchStoryboardName = LaunchScreen;
				INFOPLIST_KEY_UIMainStoryboardFile = Main;
				INFOPLIST_KEY_UISupportedInterfaceOrientations_iPad = "UIInterfaceOrientationPortrait UIInterfaceOrientationPortraitUpsideDown UIInterfaceOrientationLandscapeLeft UIInterfaceOrientationLandscapeRight";
				INFOPLIST_KEY_UISupportedInterfaceOrientations_iPhone = "UIInterfaceOrientationPortrait UIInterfaceOrientationLandscapeLeft UIInterfaceOrientationLandscapeRight";
				LD_RUNPATH_SEARCH_PATHS = (
					"$(inherited)",
					"@executable_path/Frameworks",
				);
				MARKETING_VERSION = 1.0;
				OTHER_LDFLAGS = (
					"-Xlinker",
					"-interposable",
				);
				PRODUCT_BUNDLE_IDENTIFIER = "healthapp-hci.HealthApp-HCI";
				PRODUCT_NAME = "$(TARGET_NAME)";
				SWIFT_EMIT_LOC_STRINGS = YES;
				SWIFT_VERSION = 5.0;
				TARGETED_DEVICE_FAMILY = "1,2";
			};
			name = Release;
		};
/* End XCBuildConfiguration section */

/* Begin XCConfigurationList section */
		99831DB1280CECBA00EE6559 /* Build configuration list for PBXProject "HealthApp_HCI" */ = {
			isa = XCConfigurationList;
			buildConfigurations = (
				99831DC8280CECBD00EE6559 /* Debug */,
				99831DC9280CECBD00EE6559 /* Release */,
			);
			defaultConfigurationIsVisible = 0;
			defaultConfigurationName = Release;
		};
		99831DCA280CECBD00EE6559 /* Build configuration list for PBXNativeTarget "HealthApp_HCI" */ = {
			isa = XCConfigurationList;
			buildConfigurations = (
				99831DCB280CECBD00EE6559 /* Debug */,
				99831DCC280CECBD00EE6559 /* Release */,
			);
			defaultConfigurationIsVisible = 0;
			defaultConfigurationName = Release;
		};
/* End XCConfigurationList section */

/* Begin XCRemoteSwiftPackageReference section */
		99D0155E280D2BB5008B5366 /* XCRemoteSwiftPackageReference "Inject" */ = {
			isa = XCRemoteSwiftPackageReference;
			repositoryURL = "https://github.com/krzysztofzablocki/Inject";
			requirement = {
				kind = upToNextMajorVersion;
				minimumVersion = 1.0.5;
			};
		};
/* End XCRemoteSwiftPackageReference section */

/* Begin XCSwiftPackageProductDependency section */
		99D0155F280D2BB5008B5366 /* Inject */ = {
			isa = XCSwiftPackageProductDependency;
			package = 99D0155E280D2BB5008B5366 /* XCRemoteSwiftPackageReference "Inject" */;
			productName = Inject;
		};
/* End XCSwiftPackageProductDependency section */
	};
	rootObject = 99831DAE280CECBA00EE6559 /* Project object */;
}
